
Microsoft Visual Studio Solution File, Format Version 12.00
# Visual Studio Version 17
VisualStudioVersion = 17.5.33414.496
MinimumVisualStudioVersion = 10.0.40219.1
Project("{FAE04EC0-301F-11D3-BF4B-00C04F79EFBC}") = "WpfApp1", "WpfApp1.csproj", "{3D43FB48-137A-4809-B4B5-79320D7870D8}"
EndProject
Global
	GlobalSection(SolutionConfigurationPlatforms) = preSolution
		Debug|Any CPU = Debug|Any CPU
		Release|Any CPU = Release|Any CPU
	EndGlobalSection
	GlobalSection(ProjectConfigurationPlatforms) = postSolution
		{3D43FB48-137A-4809-B4B5-79320D7870D8}.Debug|Any CPU.ActiveCfg = Debug|Any CPU
		{3D43FB48-137A-4809-B4B5-79320D7870D8}.Debug|Any CPU.Build.0 = Debug|Any CPU
		{3D43FB48-137A-4809-B4B5-79320D7870D8}.Release|Any CPU.ActiveCfg = Release|Any CPU
		{3D43FB48-137A-4809-B4B5-79320D7870D8}.Release|Any CPU.Build.0 = Release|Any CPU
	EndGlobalSection
	GlobalSection(SolutionProperties) = preSolution
		HideSolutionNode = FALSE
	EndGlobalSection
	GlobalSection(ExtensibilityGlobals) = postSolution
		SolutionGuid = {0BEE6466-FE49-40AD-B595-DDCD1FC91920}
	EndGlobalSection
EndGlobal
